{
  "name": "telegram-bot",
  "version": "1.0.0",
  "lockfileVersion": 1,
  "requires": true,
  "dependencies": {
    "@sindresorhus/is": {
      "version": "2.1.0",
      "resolved": "https://eurostar.jfrog.io/eurostar/api/npm/npm/@sindresorhus/is/-/is-2.1.0.tgz",
      "integrity": "sha1-atTKYQ9pYJjpKVSrQx/4O+oM4T8="
    },
    "@szmarczak/http-timer": {
      "version": "4.0.5",
      "resolved": "https://eurostar.jfrog.io/eurostar/api/npm/npm/@szmarczak/http-timer/-/http-timer-4.0.5.tgz",
      "integrity": "sha1-v71QIR6d+lG6B9pYoUzf0zMgUVI=",
      "requires": {
        "defer-to-connect": "^2.0.0"
      }
    },
    "@types/cacheable-request": {
      "version": "6.0.1",
      "resolved": "https://eurostar.jfrog.io/eurostar/api/npm/npm/@types/cacheable-request/-/cacheable-request-6.0.1.tgz",
      "integrity": "sha1-XSLz3e0f06hMC761A5p0GcLJGXY=",
      "requires": {
        "@types/http-cache-semantics": "*",
        "@types/keyv": "*",
        "@types/node": "*",
        "@types/responselike": "*"
      }
    },
    "@types/http-cache-semantics": {
      "version": "4.0.0",
      "resolved": "https://eurostar.jfrog.io/eurostar/api/npm/npm/@types/http-cache-semantics/-/http-cache-semantics-4.0.0.tgz",
      "integrity": "sha1-kUB3lzaqJlVjXudW4kZ9eHz+iio="
    },
    "@types/keyv": {
      "version": "3.1.1",
      "resolved": "https://eurostar.jfrog.io/eurostar/api/npm/npm/@types/keyv/-/keyv-3.1.1.tgz",
      "integrity": "sha1-5FpFMk/KnatxarEjDuJJyftSz6c=",
      "requires": {
        "@types/node": "*"
      }
    },
    "@types/node": {
      "version": "13.9.1",
      "resolved": "https://eurostar.jfrog.io/eurostar/api/npm/npm/@types/node/-/node-13.9.1.tgz",
      "integrity": "sha1-lvYG+M1n+wGIR9m2HpOZfave/HI="
    },
    "@types/responselike": {
      "version": "1.0.0",
      "resolved": "https://eurostar.jfrog.io/eurostar/api/npm/npm/@types/responselike/-/responselike-1.0.0.tgz",
      "integrity": "sha1-JR9P59FU0rrRJavhtCmyOv0mLik=",
      "requires": {
        "@types/node": "*"
      }
    },
    "ansi-regex": {
      "version": "3.0.0",
      "resolved": "https://eurostar.jfrog.io/eurostar/api/npm/npm/ansi-regex/-/ansi-regex-3.0.0.tgz",
      "integrity": "sha1-7QMXwyIGT3lGbAKWa922Bas32Zg="
    },
    "array-find-index": {
      "version": "1.0.2",
      "resolved": "https://eurostar.jfrog.io/eurostar/api/npm/npm/array-find-index/-/array-find-index-1.0.2.tgz",
      "integrity": "sha1-3wEKoSh+Fku9pvlyOwqWoexBh6E="
    },
    "arrify": {
      "version": "1.0.1",
      "resolved": "https://eurostar.jfrog.io/eurostar/api/npm/npm/arrify/-/arrify-1.0.1.tgz",
      "integrity": "sha1-iYUI2iIm84DfkEcoRWhJwVAaSw0="
    },
    "async": {
      "version": "3.2.0",
      "resolved": "https://eurostar.jfrog.io/eurostar/api/npm/npm/async/-/async-3.2.0.tgz",
      "integrity": "sha1-s6JoXF67ZB094C0WEALGD8n4VyA="
    },
    "async-retry": {
      "version": "1.3.1",
      "resolved": "https://eurostar.jfrog.io/eurostar/api/npm/npm/async-retry/-/async-retry-1.3.1.tgz",
      "integrity": "sha1-E58x+N3OUMCHCwulWKYHloSq7VU=",
      "requires": {
        "retry": "0.12.0"
      }
    },
    "asynckit": {
      "version": "0.4.0",
      "resolved": "https://eurostar.jfrog.io/eurostar/api/npm/npm/asynckit/-/asynckit-0.4.0.tgz",
      "integrity": "sha1-x57Zf380y48robyXkLzDZkdLS3k="
    },
    "bindings": {
      "version": "1.5.0",
      "resolved": "https://eurostar.jfrog.io/eurostar/api/npm/npm/bindings/-/bindings-1.5.0.tgz",
      "integrity": "sha1-EDU8npRTNLwFEabZCzj7x8nFBN8=",
      "requires": {
        "file-uri-to-path": "1.0.0"
      }
    },
    "cacheable-lookup": {
      "version": "2.0.0",
      "resolved": "https://eurostar.jfrog.io/eurostar/api/npm/npm/cacheable-lookup/-/cacheable-lookup-2.0.0.tgz",
      "integrity": "sha1-M7HlbxdQf1z5u0YHURLWVHP7dxM=",
      "requires": {
        "keyv": "^4.0.0"
      }
    },
    "cacheable-request": {
      "version": "7.0.1",
      "resolved": "https://eurostar.jfrog.io/eurostar/api/npm/npm/cacheable-request/-/cacheable-request-7.0.1.tgz",
      "integrity": "sha1-BiAxwoViMngu1pSiV/o12pOUKlg=",
      "requires": {
        "clone-response": "^1.0.2",
        "get-stream": "^5.1.0",
        "http-cache-semantics": "^4.0.0",
        "keyv": "^4.0.0",
        "lowercase-keys": "^2.0.0",
        "normalize-url": "^4.1.0",
        "responselike": "^2.0.0"
      }
    },
    "camelcase": {
      "version": "4.1.0",
      "resolved": "https://eurostar.jfrog.io/eurostar/api/npm/npm/camelcase/-/camelcase-4.1.0.tgz",
      "integrity": "sha1-1UVjW+HjPFQmScaRc+Xeas+uNN0="
    },
    "camelcase-keys": {
      "version": "4.2.0",
      "resolved": "https://eurostar.jfrog.io/eurostar/api/npm/npm/camelcase-keys/-/camelcase-keys-4.2.0.tgz",
      "integrity": "sha1-oqpfsa9oh1glnDLBQUJteJI7m3c=",
      "requires": {
        "camelcase": "^4.1.0",
        "map-obj": "^2.0.0",
        "quick-lru": "^1.0.0"
      }
    },
    "cli-table3": {
      "version": "0.5.1",
      "resolved": "https://eurostar.jfrog.io/eurostar/api/npm/npm/cli-table3/-/cli-table3-0.5.1.tgz",
      "integrity": "sha1-AlI3LZTfxA29jfBgBfSPMfZW8gI=",
      "requires": {
        "colors": "^1.1.2",
        "object-assign": "^4.1.0",
        "string-width": "^2.1.1"
      }
    },
    "clone-response": {
      "version": "1.0.2",
      "resolved": "https://eurostar.jfrog.io/eurostar/api/npm/npm/clone-response/-/clone-response-1.0.2.tgz",
      "integrity": "sha1-0dyXOSAxTfZ/vrlCI7TuNQI56Ws=",
      "requires": {
        "mimic-response": "^1.0.0"
      },
      "dependencies": {
        "mimic-response": {
          "version": "1.0.1",
          "resolved": "https://eurostar.jfrog.io/eurostar/api/npm/npm/mimic-response/-/mimic-response-1.0.1.tgz",
          "integrity": "sha1-SSNTiHju9CBjy4o+OweYeBSHqxs="
        }
      }
    },
    "colors": {
      "version": "1.4.0",
      "resolved": "https://eurostar.jfrog.io/eurostar/api/npm/npm/colors/-/colors-1.4.0.tgz",
      "integrity": "sha1-xQSRR51MG9rtLJztMs98fcI2D3g=",
      "optional": true
    },
    "combined-stream": {
      "version": "1.0.8",
      "resolved": "https://eurostar.jfrog.io/eurostar/api/npm/npm/combined-stream/-/combined-stream-1.0.8.tgz",
      "integrity": "sha1-w9RaizT9cwYxoRCoolIGgrMdWn8=",
      "requires": {
        "delayed-stream": "~1.0.0"
      }
    },
    "currently-unhandled": {
      "version": "0.4.1",
      "resolved": "https://eurostar.jfrog.io/eurostar/api/npm/npm/currently-unhandled/-/currently-unhandled-0.4.1.tgz",
      "integrity": "sha1-mI3zP+qxke95mmE2nddsF635V+o=",
      "requires": {
        "array-find-index": "^1.0.1"
      }
    },
    "debug": {
      "version": "3.2.6",
      "resolved": "https://eurostar.jfrog.io/eurostar/api/npm/npm/debug/-/debug-3.2.6.tgz",
      "integrity": "sha1-6D0X3hbYp++3cX7b5fsQE17uYps=",
      "requires": {
        "ms": "^2.1.1"
      }
    },
    "decamelize": {
      "version": "1.2.0",
      "resolved": "https://eurostar.jfrog.io/eurostar/api/npm/npm/decamelize/-/decamelize-1.2.0.tgz",
      "integrity": "sha1-9lNNFRSCabIDUue+4m9QH5oZEpA="
    },
    "decamelize-keys": {
      "version": "1.1.0",
      "resolved": "https://eurostar.jfrog.io/eurostar/api/npm/npm/decamelize-keys/-/decamelize-keys-1.1.0.tgz",
      "integrity": "sha1-0XGoeTMlKAfrPLYdwcFEXQeN8tk=",
      "requires": {
        "decamelize": "^1.1.0",
        "map-obj": "^1.0.0"
      },
      "dependencies": {
        "map-obj": {
          "version": "1.0.1",
          "resolved": "https://eurostar.jfrog.io/eurostar/api/npm/npm/map-obj/-/map-obj-1.0.1.tgz",
          "integrity": "sha1-2TPOuSBdgr3PSIb2dCvcK03qFG0="
        }
      }
    },
    "decompress-response": {
      "version": "5.0.0",
      "resolved": "https://eurostar.jfrog.io/eurostar/api/npm/npm/decompress-response/-/decompress-response-5.0.0.tgz",
      "integrity": "sha1-eEk5boDj0euoyy9170kw92Rhyw8=",
      "requires": {
        "mimic-response": "^2.0.0"
      }
    },
    "defer-to-connect": {
      "version": "2.0.0",
      "resolved": "https://eurostar.jfrog.io/eurostar/api/npm/npm/defer-to-connect/-/defer-to-connect-2.0.0.tgz",
      "integrity": "sha1-g9axmdsEFZOshNeBtSIjCMz0wsE="
    },
    "delayed-stream": {
      "version": "1.0.0",
      "resolved": "https://eurostar.jfrog.io/eurostar/api/npm/npm/delayed-stream/-/delayed-stream-1.0.0.tgz",
      "integrity": "sha1-3zrhmayt+31ECqrgsp4icrJOxhk="
    },
    "ds18b20-raspi": {
      "version": "0.3.4",
      "resolved": "https://eurostar.jfrog.io/eurostar/api/npm/npm/ds18b20-raspi/-/ds18b20-raspi-0.3.4.tgz",
      "integrity": "sha1-EnDOypjucRcoSVEEjSKdCHmQJFQ=",
      "requires": {
        "async": "^3.1.0",
        "cli-table3": "^0.5.0",
        "meow": "^5.0.0",
        "round-to": "^4.0.0"
      }
    },
    "duplexer3": {
      "version": "0.1.4",
      "resolved": "https://eurostar.jfrog.io/eurostar/api/npm/npm/duplexer3/-/duplexer3-0.1.4.tgz",
      "integrity": "sha1-7gHdHKwO08vH/b6jfcCo8c4ALOI="
    },
    "end-of-stream": {
      "version": "1.4.4",
      "resolved": "https://eurostar.jfrog.io/eurostar/api/npm/npm/end-of-stream/-/end-of-stream-1.4.4.tgz",
      "integrity": "sha1-WuZKX0UFe682JuwU2gyl5LJDHrA=",
      "requires": {
        "once": "^1.4.0"
      }
    },
    "epoll": {
      "version": "2.0.10",
      "resolved": "https://eurostar.jfrog.io/eurostar/api/npm/npm/epoll/-/epoll-2.0.10.tgz",
      "integrity": "sha1-quVKJn1/uBCAdLYmRtZYsmf3ORU=",
      "requires": {
        "bindings": "^1.5.0",
        "nan": "^2.14.0"
      }
    },
    "error-ex": {
      "version": "1.3.2",
      "resolved": "https://eurostar.jfrog.io/eurostar/api/npm/npm/error-ex/-/error-ex-1.3.2.tgz",
      "integrity": "sha1-tKxAZIEH/c3PriQvQovqihTU8b8=",
      "requires": {
        "is-arrayish": "^0.2.1"
      }
    },
    "file-uri-to-path": {
      "version": "1.0.0",
      "resolved": "https://eurostar.jfrog.io/eurostar/api/npm/npm/file-uri-to-path/-/file-uri-to-path-1.0.0.tgz",
      "integrity": "sha1-VTp7hEb/b2hDWcRF8eN6BdrMM90="
    },
    "find-up": {
      "version": "2.1.0",
      "resolved": "https://eurostar.jfrog.io/eurostar/api/npm/npm/find-up/-/find-up-2.1.0.tgz",
      "integrity": "sha1-RdG35QbHF93UgndaK3eSCjwMV6c=",
      "requires": {
        "locate-path": "^2.0.0"
      }
    },
    "form-data": {
      "version": "3.0.0",
      "resolved": "https://eurostar.jfrog.io/eurostar/api/npm/npm/form-data/-/form-data-3.0.0.tgz",
      "integrity": "sha1-MbfjnIXxNVtxOe4MZHzw3n+DxoI=",
      "requires": {
        "asynckit": "^0.4.0",
        "combined-stream": "^1.0.8",
        "mime-types": "^2.1.12"
      }
    },
    "get-stream": {
      "version": "5.1.0",
      "resolved": "https://eurostar.jfrog.io/eurostar/api/npm/npm/get-stream/-/get-stream-5.1.0.tgz",
      "integrity": "sha1-ASA83JJZf5uQkGfD5lbMH008Tck=",
      "requires": {
        "pump": "^3.0.0"
      }
    },
    "got": {
      "version": "10.6.0",
      "resolved": "https://eurostar.jfrog.io/eurostar/api/npm/npm/got/-/got-10.6.0.tgz",
      "integrity": "sha1-rDh2JhpNjl/E+BGG95lVznsFAdw=",
      "requires": {
        "@sindresorhus/is": "^2.0.0",
        "@szmarczak/http-timer": "^4.0.0",
        "@types/cacheable-request": "^6.0.1",
        "cacheable-lookup": "^2.0.0",
        "cacheable-request": "^7.0.1",
        "decompress-response": "^5.0.0",
        "duplexer3": "^0.1.4",
        "get-stream": "^5.0.0",
        "lowercase-keys": "^2.0.0",
        "mimic-response": "^2.1.0",
        "p-cancelable": "^2.0.0",
        "p-event": "^4.0.0",
        "responselike": "^2.0.0",
        "to-readable-stream": "^2.0.0",
        "type-fest": "^0.10.0"
      }
    },
    "graceful-fs": {
      "version": "4.2.3",
      "resolved": "https://eurostar.jfrog.io/eurostar/api/npm/npm/graceful-fs/-/graceful-fs-4.2.3.tgz",
      "integrity": "sha1-ShL/G2A3bvCYYsIJPt2Qgyi+hCM="
    },
    "hosted-git-info": {
      "version": "2.8.8",
      "resolved": "https://eurostar.jfrog.io/eurostar/api/npm/npm/hosted-git-info/-/hosted-git-info-2.8.8.tgz",
      "integrity": "sha1-dTm9S8Hg4KiVgVouAmJCCxKFhIg="
    },
    "http-cache-semantics": {
      "version": "4.1.0",
      "resolved": "https://eurostar.jfrog.io/eurostar/api/npm/npm/http-cache-semantics/-/http-cache-semantics-4.1.0.tgz",
      "integrity": "sha1-SekcXL82yblLz81xwj1SSex045A="
    },
    "indent-string": {
      "version": "3.2.0",
      "resolved": "https://eurostar.jfrog.io/eurostar/api/npm/npm/indent-string/-/indent-string-3.2.0.tgz",
      "integrity": "sha1-Sl/W0nzDMvN+VBmlBNu4NxBckok="
    },
    "is-arrayish": {
      "version": "0.2.1",
      "resolved": "https://eurostar.jfrog.io/eurostar/api/npm/npm/is-arrayish/-/is-arrayish-0.2.1.tgz",
      "integrity": "sha1-d8mYQFJ6qOyxqLppe4BkWnqSap0="
    },
    "is-fullwidth-code-point": {
      "version": "2.0.0",
      "resolved": "https://eurostar.jfrog.io/eurostar/api/npm/npm/is-fullwidth-code-point/-/is-fullwidth-code-point-2.0.0.tgz",
      "integrity": "sha1-o7MKXE8ZkYMWeqq5O+764937ZU8="
    },
    "is-plain-obj": {
      "version": "1.1.0",
      "resolved": "https://eurostar.jfrog.io/eurostar/api/npm/npm/is-plain-obj/-/is-plain-obj-1.1.0.tgz",
      "integrity": "sha1-caUMhCnfync8kqOQpKA7OfzVHT4="
    },
    "json-buffer": {
      "version": "3.0.1",
      "resolved": "https://eurostar.jfrog.io/eurostar/api/npm/npm/json-buffer/-/json-buffer-3.0.1.tgz",
      "integrity": "sha1-kziAKjDTtmBfvgYT4JQAjKjAWhM="
    },
    "json-parse-better-errors": {
      "version": "1.0.2",
      "resolved": "https://eurostar.jfrog.io/eurostar/api/npm/npm/json-parse-better-errors/-/json-parse-better-errors-1.0.2.tgz",
      "integrity": "sha1-u4Z8+zRQ5pEHwTHRxRS6s9yLyqk="
    },
    "keyv": {
      "version": "4.0.0",
      "resolved": "https://eurostar.jfrog.io/eurostar/api/npm/npm/keyv/-/keyv-4.0.0.tgz",
      "integrity": "sha1-LR2raUkmstQn5MdIBKEIUL5EwS8=",
      "requires": {
        "json-buffer": "3.0.1"
      }
    },
    "load-json-file": {
      "version": "4.0.0",
      "resolved": "https://eurostar.jfrog.io/eurostar/api/npm/npm/load-json-file/-/load-json-file-4.0.0.tgz",
      "integrity": "sha1-L19Fq5HjMhYjT9U62rZo607AmTs=",
      "requires": {
        "graceful-fs": "^4.1.2",
        "parse-json": "^4.0.0",
        "pify": "^3.0.0",
        "strip-bom": "^3.0.0"
      }
    },
    "locate-path": {
      "version": "2.0.0",
      "resolved": "https://eurostar.jfrog.io/eurostar/api/npm/npm/locate-path/-/locate-path-2.0.0.tgz",
      "integrity": "sha1-K1aLJl7slExtnA3pw9u7ygNUzY4=",
      "requires": {
        "p-locate": "^2.0.0",
        "path-exists": "^3.0.0"
      }
    },
    "loud-rejection": {
      "version": "1.6.0",
      "resolved": "https://eurostar.jfrog.io/eurostar/api/npm/npm/loud-rejection/-/loud-rejection-1.6.0.tgz",
      "integrity": "sha1-W0b4AUft7leIcPCG0Eghz5mOVR8=",
      "requires": {
        "currently-unhandled": "^0.4.1",
        "signal-exit": "^3.0.0"
      }
    },
    "lowercase-keys": {
      "version": "2.0.0",
      "resolved": "https://eurostar.jfrog.io/eurostar/api/npm/npm/lowercase-keys/-/lowercase-keys-2.0.0.tgz",
      "integrity": "sha1-JgPni3tLAAbLyi+8yKMgJVislHk="
    },
    "map-obj": {
      "version": "2.0.0",
      "resolved": "https://eurostar.jfrog.io/eurostar/api/npm/npm/map-obj/-/map-obj-2.0.0.tgz",
      "integrity": "sha1-plzSkIepJZi4eRJXpSPgISIqwfk="
    },
    "meow": {
      "version": "5.0.0",
      "resolved": "https://eurostar.jfrog.io/eurostar/api/npm/npm/meow/-/meow-5.0.0.tgz",
      "integrity": "sha1-38c9Y6mvxxSl43F2DrXIi5EHiqQ=",
      "requires": {
        "camelcase-keys": "^4.0.0",
        "decamelize-keys": "^1.0.0",
        "loud-rejection": "^1.0.0",
        "minimist-options": "^3.0.1",
        "normalize-package-data": "^2.3.4",
        "read-pkg-up": "^3.0.0",
        "redent": "^2.0.0",
        "trim-newlines": "^2.0.0",
        "yargs-parser": "^10.0.0"
      }
    },
    "mime-db": {
      "version": "1.43.0",
      "resolved": "https://eurostar.jfrog.io/eurostar/api/npm/npm/mime-db/-/mime-db-1.43.0.tgz",
      "integrity": "sha1-ChLgUCZQ5HPXNVNQUOfI9OtPrlg="
    },
    "mime-types": {
      "version": "2.1.26",
      "resolved": "https://eurostar.jfrog.io/eurostar/api/npm/npm/mime-types/-/mime-types-2.1.26.tgz",
      "integrity": "sha1-nJIfwJt+FJpl39wNpNIJlyALCgY=",
      "requires": {
        "mime-db": "1.43.0"
      }
    },
    "mimic-response": {
      "version": "2.1.0",
      "resolved": "https://eurostar.jfrog.io/eurostar/api/npm/npm/mimic-response/-/mimic-response-2.1.0.tgz",
      "integrity": "sha1-0Tdj019hPQnsN+uzC6wEacDuj0M="
    },
    "minimist": {
      "version": "1.2.6",
      "resolved": "https://registry.npmjs.org/minimist/-/minimist-1.2.6.tgz",
      "integrity": "sha512-Jsjnk4bw3YJqYzbdyBiNsPWHPfO++UGG749Cxs6peCu5Xg4nrena6OVxOYxrQTqww0Jmwt+Ref8rggumkTLz9Q=="
    },
    "minimist-options": {
      "version": "3.0.2",
      "resolved": "https://eurostar.jfrog.io/eurostar/api/npm/npm/minimist-options/-/minimist-options-3.0.2.tgz",
      "integrity": "sha1-+6TIGRM54T7PTWG+sD8HAQPz2VQ=",
      "requires": {
        "arrify": "^1.0.1",
        "is-plain-obj": "^1.1.0"
      }
    },
    "module-alias": {
      "version": "2.2.2",
      "resolved": "https://eurostar.jfrog.io/eurostar/api/npm/npm/module-alias/-/module-alias-2.2.2.tgz",
      "integrity": "sha1-FRzc7MJOJXOf8KpuUeHFcWl0wOA="
    },
    "ms": {
      "version": "2.1.2",
      "resolved": "https://eurostar.jfrog.io/eurostar/api/npm/npm/ms/-/ms-2.1.2.tgz",
      "integrity": "sha1-0J0fNXtEP0kzgqjrPM0YOHKuYAk="
    },
    "nan": {
      "version": "2.14.0",
      "resolved": "https://eurostar.jfrog.io/eurostar/api/npm/npm/nan/-/nan-2.14.0.tgz",
      "integrity": "sha1-eBj3IgJ7JFmobwKV1DTR/CM2xSw="
    },
    "node-fetch": {
      "version": "2.6.0",
      "resolved": "https://eurostar.jfrog.io/eurostar/api/npm/npm/node-fetch/-/node-fetch-2.6.0.tgz",
      "integrity": "sha1-5jNFY4bUqlWGP2dqerDaqP3ssP0="
    },
    "normalize-package-data": {
      "version": "2.5.0",
      "resolved": "https://eurostar.jfrog.io/eurostar/api/npm/npm/normalize-package-data/-/normalize-package-data-2.5.0.tgz",
      "integrity": "sha1-5m2xg4sgDB38IzIl0SyzZSDiNKg=",
      "requires": {
        "hosted-git-info": "^2.1.4",
        "resolve": "^1.10.0",
        "semver": "2 || 3 || 4 || 5",
        "validate-npm-package-license": "^3.0.1"
      }
    },
    "normalize-url": {
      "version": "4.5.0",
      "resolved": "https://eurostar.jfrog.io/eurostar/api/npm/npm/normalize-url/-/normalize-url-4.5.0.tgz",
      "integrity": "sha1-RTNUCH5sqWlXvY9br3U/WYIUISk="
    },
    "object-assign": {
      "version": "4.1.1",
      "resolved": "https://eurostar.jfrog.io/eurostar/api/npm/npm/object-assign/-/object-assign-4.1.1.tgz",
      "integrity": "sha1-IQmtx5ZYh8/AXLvUQsrIv7s2CGM="
    },
    "once": {
      "version": "1.4.0",
      "resolved": "https://eurostar.jfrog.io/eurostar/api/npm/npm/once/-/once-1.4.0.tgz",
      "integrity": "sha1-WDsap3WWHUsROsF9nFC6753Xa9E=",
      "requires": {
        "wrappy": "1"
      }
    },
    "p-cancelable": {
      "version": "2.0.0",
      "resolved": "https://eurostar.jfrog.io/eurostar/api/npm/npm/p-cancelable/-/p-cancelable-2.0.0.tgz",
      "integrity": "sha1-SjdA9b2vXtXXw+NIgsb7XWsmam4="
    },
    "p-event": {
      "version": "4.1.0",
      "resolved": "https://eurostar.jfrog.io/eurostar/api/npm/npm/p-event/-/p-event-4.1.0.tgz",
      "integrity": "sha1-6Su4Ztfo5bcyKTscgmnTjpmCv44=",
      "requires": {
        "p-timeout": "^2.0.1"
      }
    },
    "p-finally": {
      "version": "1.0.0",
      "resolved": "https://eurostar.jfrog.io/eurostar/api/npm/npm/p-finally/-/p-finally-1.0.0.tgz",
      "integrity": "sha1-P7z7FbiZpEEjs0ttzBi3JDNqLK4="
    },
    "p-limit": {
      "version": "1.3.0",
      "resolved": "https://eurostar.jfrog.io/eurostar/api/npm/npm/p-limit/-/p-limit-1.3.0.tgz",
      "integrity": "sha1-uGvV8MJWkJEcdZD8v8IBDVSzzLg=",
      "requires": {
        "p-try": "^1.0.0"
      }
    },
    "p-locate": {
      "version": "2.0.0",
      "resolved": "https://eurostar.jfrog.io/eurostar/api/npm/npm/p-locate/-/p-locate-2.0.0.tgz",
      "integrity": "sha1-IKAQOyIqcMj9OcwuWAaA893l7EM=",
      "requires": {
        "p-limit": "^1.1.0"
      }
    },
    "p-timeout": {
      "version": "2.0.1",
      "resolved": "https://eurostar.jfrog.io/eurostar/api/npm/npm/p-timeout/-/p-timeout-2.0.1.tgz",
      "integrity": "sha1-2N0ZeVldLcATnh/ka4tkbLPN8Dg=",
      "requires": {
        "p-finally": "^1.0.0"
      }
    },
    "p-try": {
      "version": "1.0.0",
      "resolved": "https://eurostar.jfrog.io/eurostar/api/npm/npm/p-try/-/p-try-1.0.0.tgz",
      "integrity": "sha1-y8ec26+P1CKOE/Yh8rGiN8GyB7M="
    },
    "parse-json": {
      "version": "4.0.0",
      "resolved": "https://eurostar.jfrog.io/eurostar/api/npm/npm/parse-json/-/parse-json-4.0.0.tgz",
      "integrity": "sha1-vjX1Qlvh9/bHRxhPmKeIy5lHfuA=",
      "requires": {
        "error-ex": "^1.3.1",
        "json-parse-better-errors": "^1.0.1"
      }
    },
    "path-exists": {
      "version": "3.0.0",
      "resolved": "https://eurostar.jfrog.io/eurostar/api/npm/npm/path-exists/-/path-exists-3.0.0.tgz",
      "integrity": "sha1-zg6+ql94yxiSXqfYENe1mwEP1RU="
    },
    "path-parse": {
      "version": "1.0.6",
      "resolved": "https://eurostar.jfrog.io/eurostar/api/npm/npm/path-parse/-/path-parse-1.0.6.tgz",
      "integrity": "sha1-1i27VnlAXXLEc37FhgDp3c8G0kw="
    },
    "path-type": {
      "version": "3.0.0",
      "resolved": "https://eurostar.jfrog.io/eurostar/api/npm/npm/path-type/-/path-type-3.0.0.tgz",
      "integrity": "sha1-zvMdyOCho7sNEFwM2Xzzv0f0428=",
      "requires": {
        "pify": "^3.0.0"
      }
    },
    "pify": {
      "version": "3.0.0",
      "resolved": "https://eurostar.jfrog.io/eurostar/api/npm/npm/pify/-/pify-3.0.0.tgz",
      "integrity": "sha1-5aSs0sEB/fPZpNB/DbxNtJ3SgXY="
    },
    "pump": {
      "version": "3.0.0",
      "resolved": "https://eurostar.jfrog.io/eurostar/api/npm/npm/pump/-/pump-3.0.0.tgz",
      "integrity": "sha1-tKIRaBW94vTh6mAjVOjHVWUQemQ=",
      "requires": {
        "end-of-stream": "^1.1.0",
        "once": "^1.3.1"
      }
    },
    "quick-lru": {
      "version": "1.1.0",
      "resolved": "https://eurostar.jfrog.io/eurostar/api/npm/npm/quick-lru/-/quick-lru-1.1.0.tgz",
      "integrity": "sha1-Q2CxfGETatOAeDl/8RQW4Ybc+7g="
    },
    "read-pkg": {
      "version": "3.0.0",
      "resolved": "https://eurostar.jfrog.io/eurostar/api/npm/npm/read-pkg/-/read-pkg-3.0.0.tgz",
      "integrity": "sha1-nLxoaXj+5l0WwA4rGcI3/Pbjg4k=",
      "requires": {
        "load-json-file": "^4.0.0",
        "normalize-package-data": "^2.3.2",
        "path-type": "^3.0.0"
      }
    },
    "read-pkg-up": {
      "version": "3.0.0",
      "resolved": "https://eurostar.jfrog.io/eurostar/api/npm/npm/read-pkg-up/-/read-pkg-up-3.0.0.tgz",
      "integrity": "sha1-PtSWaF26D4/hGNBpHcUfSh/5bwc=",
      "requires": {
        "find-up": "^2.0.0",
        "read-pkg": "^3.0.0"
      }
    },
    "redent": {
      "version": "2.0.0",
      "resolved": "https://eurostar.jfrog.io/eurostar/api/npm/npm/redent/-/redent-2.0.0.tgz",
      "integrity": "sha1-wbIAe0LVfrE4kHmzyDM2OdXhzKo=",
      "requires": {
        "indent-string": "^3.0.0",
        "strip-indent": "^2.0.0"
      }
    },
    "resolve": {
      "version": "1.15.1",
      "resolved": "https://eurostar.jfrog.io/eurostar/api/npm/npm/resolve/-/resolve-1.15.1.tgz",
      "integrity": "sha1-J73N7/6vLWJEuVuw+fS0ZTRR8+g=",
      "requires": {
        "path-parse": "^1.0.6"
      }
    },
    "responselike": {
      "version": "2.0.0",
      "resolved": "https://eurostar.jfrog.io/eurostar/api/npm/npm/responselike/-/responselike-2.0.0.tgz",
      "integrity": "sha1-JjkbzDF091D5p56sxAoSpcQtdyM=",
      "requires": {
        "lowercase-keys": "^2.0.0"
      }
    },
    "retry": {
      "version": "0.12.0",
      "resolved": "https://eurostar.jfrog.io/eurostar/api/npm/npm/retry/-/retry-0.12.0.tgz",
      "integrity": "sha1-G0KmJmoh8HQh0bC1S33BZ7AcATs="
    },
    "round-to": {
      "version": "4.1.0",
      "resolved": "https://eurostar.jfrog.io/eurostar/api/npm/npm/round-to/-/round-to-4.1.0.tgz",
      "integrity": "sha1-FI12jRiy8Sf3jmZIy4sKWUPEFr8="
    },
    "rpi-gpio": {
      "version": "2.1.5",
      "resolved": "https://eurostar.jfrog.io/eurostar/api/npm/npm/rpi-gpio/-/rpi-gpio-2.1.5.tgz",
      "integrity": "sha1-kDEQOAalpzh9VtZh4/82OFRywv0=",
      "requires": {
        "async-retry": "^1.2.1",
        "debug": "^3.1.0",
        "epoll": "^2.0.10"
      }
    },
    "sandwich-stream": {
      "version": "2.0.2",
      "resolved": "https://eurostar.jfrog.io/eurostar/api/npm/npm/sandwich-stream/-/sandwich-stream-2.0.2.tgz",
      "integrity": "sha1-bR/rbPfp/p+ttBUTRZpywuhAAPo="
    },
    "semver": {
      "version": "5.7.1",
      "resolved": "https://eurostar.jfrog.io/eurostar/api/npm/npm/semver/-/semver-5.7.1.tgz",
      "integrity": "sha1-qVT5Ma66UI0we78Gnv8MAclhFvc="
    },
    "signal-exit": {
      "version": "3.0.2",
      "resolved": "https://eurostar.jfrog.io/eurostar/api/npm/npm/signal-exit/-/signal-exit-3.0.2.tgz",
      "integrity": "sha1-tf3AjxKH6hF4Yo5BXiUTK3NkbG0="
    },
    "spdx-correct": {
      "version": "3.1.0",
      "resolved": "https://eurostar.jfrog.io/eurostar/api/npm/npm/spdx-correct/-/spdx-correct-3.1.0.tgz",
      "integrity": "sha1-+4PlBERSaPFUsHTiGMh8ADzTHfQ=",
      "requires": {
        "spdx-expression-parse": "^3.0.0",
        "spdx-license-ids": "^3.0.0"
      }
    },
    "spdx-exceptions": {
      "version": "2.2.0",
      "resolved": "https://eurostar.jfrog.io/eurostar/api/npm/npm/spdx-exceptions/-/spdx-exceptions-2.2.0.tgz",
      "integrity": "sha1-LqRQrudPKom/uUUZwH/Nb0EyKXc="
    },
    "spdx-expression-parse": {
      "version": "3.0.0",
      "resolved": "https://eurostar.jfrog.io/eurostar/api/npm/npm/spdx-expression-parse/-/spdx-expression-parse-3.0.0.tgz",
      "integrity": "sha1-meEZt6XaAOBUkcn6M4t5BII7QdA=",
      "requires": {
        "spdx-exceptions": "^2.1.0",
        "spdx-license-ids": "^3.0.0"
      }
    },
    "spdx-license-ids": {
      "version": "3.0.5",
      "resolved": "https://eurostar.jfrog.io/eurostar/api/npm/npm/spdx-license-ids/-/spdx-license-ids-3.0.5.tgz",
      "integrity": "sha1-NpS1gEVnpFjTyARYQqY1hjL2JlQ="
    },
    "string-width": {
      "version": "2.1.1",
      "resolved": "https://eurostar.jfrog.io/eurostar/api/npm/npm/string-width/-/string-width-2.1.1.tgz",
      "integrity": "sha1-q5Pyeo3BPSjKyBXEYhQ6bZASrp4=",
      "requires": {
        "is-fullwidth-code-point": "^2.0.0",
        "strip-ansi": "^4.0.0"
      }
    },
    "strip-ansi": {
      "version": "4.0.0",
      "resolved": "https://eurostar.jfrog.io/eurostar/api/npm/npm/strip-ansi/-/strip-ansi-4.0.0.tgz",
      "integrity": "sha1-qEeQIusaw2iocTibY1JixQXuNo8=",
      "requires": {
        "ansi-regex": "^3.0.0"
      }
    },
    "strip-bom": {
      "version": "3.0.0",
      "resolved": "https://eurostar.jfrog.io/eurostar/api/npm/npm/strip-bom/-/strip-bom-3.0.0.tgz",
      "integrity": "sha1-IzTBjpx1n3vdVv3vfprj1YjmjtM="
    },
    "strip-indent": {
      "version": "2.0.0",
      "resolved": "https://eurostar.jfrog.io/eurostar/api/npm/npm/strip-indent/-/strip-indent-2.0.0.tgz",
      "integrity": "sha1-XvjbKV0B5u1sv3qrlpmNeCJSe2g="
    },
    "telegraf": {
      "version": "3.36.0",
      "resolved": "https://eurostar.jfrog.io/eurostar/api/npm/npm/telegraf/-/telegraf-3.36.0.tgz",
      "integrity": "sha1-6rEWAVnfYDPTy5KsmQkCUjJ3gio=",
      "requires": {
        "@types/node": "^13.1.0",
        "debug": "^4.0.1",
        "minimist": "^1.2.0",
        "module-alias": "^2.2.2",
        "node-fetch": "^2.2.0",
        "sandwich-stream": "^2.0.1",
        "telegram-typings": "^3.6.0"
      },
      "dependencies": {
        "debug": {
          "version": "4.1.1",
          "resolved": "https://eurostar.jfrog.io/eurostar/api/npm/npm/debug/-/debug-4.1.1.tgz",
          "integrity": "sha1-O3ImAlUQnGtYnO4FDx1RYTlmR5E=",
          "requires": {
            "ms": "^2.1.1"
          }
        }
      }
    },
    "telegram-typings": {
      "version": "3.6.1",
      "resolved": "https://eurostar.jfrog.io/eurostar/api/npm/npm/telegram-typings/-/telegram-typings-3.6.1.tgz",
      "integrity": "sha1-EojVR/hpS2HxwBwpk+KV8xFNniU="
    },
    "to-readable-stream": {
      "version": "2.1.0",
      "resolved": "https://eurostar.jfrog.io/eurostar/api/npm/npm/to-readable-stream/-/to-readable-stream-2.1.0.tgz",
      "integrity": "sha1-gogDFhIb6mYs3CJq2zCt21DLBug="
    },
    "trim-newlines": {
      "version": "2.0.0",
      "resolved": "https://eurostar.jfrog.io/eurostar/api/npm/npm/trim-newlines/-/trim-newlines-2.0.0.tgz",
      "integrity": "sha1-tAPQuRvlDDMd/EuC7s6yLD3hbSA="
    },
    "type-fest": {
      "version": "0.10.0",
      "resolved": "https://eurostar.jfrog.io/eurostar/api/npm/npm/type-fest/-/type-fest-0.10.0.tgz",
      "integrity": "sha1-fwayufv8WBBo0TQf+r0DSc6vxkI="
    },
    "validate-npm-package-license": {
      "version": "3.0.4",
      "resolved": "https://eurostar.jfrog.io/eurostar/api/npm/npm/validate-npm-package-license/-/validate-npm-package-license-3.0.4.tgz",
      "integrity": "sha1-/JH2uce6FchX9MssXe/uw51PQQo=",
      "requires": {
        "spdx-correct": "^3.0.0",
        "spdx-expression-parse": "^3.0.0"
      }
    },
    "wrappy": {
      "version": "1.0.2",
      "resolved": "https://eurostar.jfrog.io/eurostar/api/npm/npm/wrappy/-/wrappy-1.0.2.tgz",
      "integrity": "sha1-tSQ9jz7BqjXxNkYFvA0QNuMKtp8="
    },
    "yargs-parser": {
      "version": "10.1.0",
      "resolved": "https://eurostar.jfrog.io/eurostar/api/npm/npm/yargs-parser/-/yargs-parser-10.1.0.tgz",
      "integrity": "sha1-cgImW4n36eny5XZeD+c1qQXtuqg=",
      "requires": {
        "camelcase": "^4.1.0"
      }
    }
  }
}
